
Microsoft Visual Studio Solution File, Format Version 12.00
# Visual Studio Version 17
VisualStudioVersion = 17.0.31903.59
MinimumVisualStudioVersion = 10.0.40219.1
Project("{2150E333-8FDC-42A3-9474-1A3956D46DE8}") = "src", "src", "{A309255F-01EC-433F-B8DD-17FE7910D9A3}"
EndProject
Project("{FAE04EC0-301F-11D3-BF4B-00C04F79EFBC}") = "LogRep2.Collection", "src\LogRep2.Collection\LogRep2.Collection.csproj", "{EBDBD606-9FAF-4CAC-9A56-F07565FB6943}"
EndProject
Project("{FAE04EC0-301F-11D3-BF4B-00C04F79EFBC}") = "LogRep2.Analysis", "src\LogRep2.Analysis\LogRep2.Analysis.csproj", "{3D18ADC5-6667-4EB6-9CF2-7ECE2D6034F3}"
EndProject
Project("{2150E333-8FDC-42A3-9474-1A3956D46DE8}") = "tests", "tests", "{18CF16A7-989B-442E-980D-C68C64241F0A}"
EndProject
Project("{FAE04EC0-301F-11D3-BF4B-00C04F79EFBC}") = "LogRep2.Collection.Tests", "tests\LogRep2.Collection.Tests\LogRep2.Collection.Tests.csproj", "{08E44298-6818-42EF-81D8-D817A334DBDC}"
EndProject
Project("{FAE04EC0-301F-11D3-BF4B-00C04F79EFBC}") = "LogRep2.Analysis.Tests", "tests\LogRep2.Analysis.Tests\LogRep2.Analysis.Tests.csproj", "{BE91D8CB-1AAF-490D-9E84-31496E263B22}"
EndProject
Project("{FAE04EC0-301F-11D3-BF4B-00C04F79EFBC}") = "LogRep2.Ipc", "src\LogRep2.Ipc\LogRep2.Ipc.csproj", "{363785C0-C384-45BA-B93B-36D4CA34E192}"
EndProject
Project("{FAE04EC0-301F-11D3-BF4B-00C04F79EFBC}") = "LogRep2.App", "src\LogRep2.App\LogRep2.App.csproj", "{9F8FD451-7ED4-401A-9F07-10FE1284C75A}"
EndProject
Project("{FAE04EC0-301F-11D3-BF4B-00C04F79EFBC}") = "LogRep2.Infrastructure", "src\LogRep2.Infrastructure\LogRep2.Infrastructure.csproj", "{3E8EDADE-3E3B-4591-9BFC-B61780267306}"
EndProject
Project("{FAE04EC0-301F-11D3-BF4B-00C04F79EFBC}") = "LogRep2.Contracts", "src\LogRep2.Contracts\LogRep2.Contracts.csproj", "{370B1561-AD3D-454D-B481-6F4CE44563E6}"
EndProject
Global
	GlobalSection(SolutionConfigurationPlatforms) = preSolution
		Debug|Any CPU = Debug|Any CPU
		Debug|x64 = Debug|x64
		Debug|x86 = Debug|x86
		Release|Any CPU = Release|Any CPU
		Release|x64 = Release|x64
		Release|x86 = Release|x86
	EndGlobalSection
	GlobalSection(ProjectConfigurationPlatforms) = postSolution
		{EBDBD606-9FAF-4CAC-9A56-F07565FB6943}.Debug|Any CPU.ActiveCfg = Debug|Any CPU
		{EBDBD606-9FAF-4CAC-9A56-F07565FB6943}.Debug|Any CPU.Build.0 = Debug|Any CPU
		{EBDBD606-9FAF-4CAC-9A56-F07565FB6943}.Debug|x64.ActiveCfg = Debug|Any CPU
		{EBDBD606-9FAF-4CAC-9A56-F07565FB6943}.Debug|x64.Build.0 = Debug|Any CPU
		{EBDBD606-9FAF-4CAC-9A56-F07565FB6943}.Debug|x86.ActiveCfg = Debug|Any CPU
		{EBDBD606-9FAF-4CAC-9A56-F07565FB6943}.Debug|x86.Build.0 = Debug|Any CPU
		{EBDBD606-9FAF-4CAC-9A56-F07565FB6943}.Release|Any CPU.ActiveCfg = Release|Any CPU
		{EBDBD606-9FAF-4CAC-9A56-F07565FB6943}.Release|Any CPU.Build.0 = Release|Any CPU
		{EBDBD606-9FAF-4CAC-9A56-F07565FB6943}.Release|x64.ActiveCfg = Release|Any CPU
		{EBDBD606-9FAF-4CAC-9A56-F07565FB6943}.Release|x64.Build.0 = Release|Any CPU
		{EBDBD606-9FAF-4CAC-9A56-F07565FB6943}.Release|x86.ActiveCfg = Release|Any CPU
		{EBDBD606-9FAF-4CAC-9A56-F07565FB6943}.Release|x86.Build.0 = Release|Any CPU
		{3D18ADC5-6667-4EB6-9CF2-7ECE2D6034F3}.Debug|Any CPU.ActiveCfg = Debug|Any CPU
		{3D18ADC5-6667-4EB6-9CF2-7ECE2D6034F3}.Debug|Any CPU.Build.0 = Debug|Any CPU
		{3D18ADC5-6667-4EB6-9CF2-7ECE2D6034F3}.Debug|x64.ActiveCfg = Debug|Any CPU
		{3D18ADC5-6667-4EB6-9CF2-7ECE2D6034F3}.Debug|x64.Build.0 = Debug|Any CPU
		{3D18ADC5-6667-4EB6-9CF2-7ECE2D6034F3}.Debug|x86.ActiveCfg = Debug|Any CPU
		{3D18ADC5-6667-4EB6-9CF2-7ECE2D6034F3}.Debug|x86.Build.0 = Debug|Any CPU
		{3D18ADC5-6667-4EB6-9CF2-7ECE2D6034F3}.Release|Any CPU.ActiveCfg = Release|Any CPU
		{3D18ADC5-6667-4EB6-9CF2-7ECE2D6034F3}.Release|Any CPU.Build.0 = Release|Any CPU
		{3D18ADC5-6667-4EB6-9CF2-7ECE2D6034F3}.Release|x64.ActiveCfg = Release|Any CPU
		{3D18ADC5-6667-4EB6-9CF2-7ECE2D6034F3}.Release|x64.Build.0 = Release|Any CPU
		{3D18ADC5-6667-4EB6-9CF2-7ECE2D6034F3}.Release|x86.ActiveCfg = Release|Any CPU
		{3D18ADC5-6667-4EB6-9CF2-7ECE2D6034F3}.Release|x86.Build.0 = Release|Any CPU
		{08E44298-6818-42EF-81D8-D817A334DBDC}.Debug|Any CPU.ActiveCfg = Debug|Any CPU
		{08E44298-6818-42EF-81D8-D817A334DBDC}.Debug|Any CPU.Build.0 = Debug|Any CPU
		{08E44298-6818-42EF-81D8-D817A334DBDC}.Debug|x64.ActiveCfg = Debug|Any CPU
		{08E44298-6818-42EF-81D8-D817A334DBDC}.Debug|x64.Build.0 = Debug|Any CPU
		{08E44298-6818-42EF-81D8-D817A334DBDC}.Debug|x86.ActiveCfg = Debug|Any CPU
		{08E44298-6818-42EF-81D8-D817A334DBDC}.Debug|x86.Build.0 = Debug|Any CPU
		{08E44298-6818-42EF-81D8-D817A334DBDC}.Release|Any CPU.ActiveCfg = Release|Any CPU
		{08E44298-6818-42EF-81D8-D817A334DBDC}.Release|Any CPU.Build.0 = Release|Any CPU
		{08E44298-6818-42EF-81D8-D817A334DBDC}.Release|x64.ActiveCfg = Release|Any CPU
		{08E44298-6818-42EF-81D8-D817A334DBDC}.Release|x64.Build.0 = Release|Any CPU
		{08E44298-6818-42EF-81D8-D817A334DBDC}.Release|x86.ActiveCfg = Release|Any CPU
		{08E44298-6818-42EF-81D8-D817A334DBDC}.Release|x86.Build.0 = Release|Any CPU
		{BE91D8CB-1AAF-490D-9E84-31496E263B22}.Debug|Any CPU.ActiveCfg = Debug|Any CPU
		{BE91D8CB-1AAF-490D-9E84-31496E263B22}.Debug|Any CPU.Build.0 = Debug|Any CPU
		{BE91D8CB-1AAF-490D-9E84-31496E263B22}.Debug|x64.ActiveCfg = Debug|Any CPU
		{BE91D8CB-1AAF-490D-9E84-31496E263B22}.Debug|x64.Build.0 = Debug|Any CPU
		{BE91D8CB-1AAF-490D-9E84-31496E263B22}.Debug|x86.ActiveCfg = Debug|Any CPU
		{BE91D8CB-1AAF-490D-9E84-31496E263B22}.Debug|x86.Build.0 = Debug|Any CPU
		{BE91D8CB-1AAF-490D-9E84-31496E263B22}.Release|Any CPU.ActiveCfg = Release|Any CPU
		{BE91D8CB-1AAF-490D-9E84-31496E263B22}.Release|Any CPU.Build.0 = Release|Any CPU
		{BE91D8CB-1AAF-490D-9E84-31496E263B22}.Release|x64.ActiveCfg = Release|Any CPU
		{BE91D8CB-1AAF-490D-9E84-31496E263B22}.Release|x64.Build.0 = Release|Any CPU
		{BE91D8CB-1AAF-490D-9E84-31496E263B22}.Release|x86.ActiveCfg = Release|Any CPU
		{BE91D8CB-1AAF-490D-9E84-31496E263B22}.Release|x86.Build.0 = Release|Any CPU
		{363785C0-C384-45BA-B93B-36D4CA34E192}.Debug|Any CPU.ActiveCfg = Debug|Any CPU
		{363785C0-C384-45BA-B93B-36D4CA34E192}.Debug|Any CPU.Build.0 = Debug|Any CPU
		{363785C0-C384-45BA-B93B-36D4CA34E192}.Debug|x64.ActiveCfg = Debug|Any CPU
		{363785C0-C384-45BA-B93B-36D4CA34E192}.Debug|x64.Build.0 = Debug|Any CPU
		{363785C0-C384-45BA-B93B-36D4CA34E192}.Debug|x86.ActiveCfg = Debug|Any CPU
		{363785C0-C384-45BA-B93B-36D4CA34E192}.Debug|x86.Build.0 = Debug|Any CPU
		{363785C0-C384-45BA-B93B-36D4CA34E192}.Release|Any CPU.ActiveCfg = Release|Any CPU
		{363785C0-C384-45BA-B93B-36D4CA34E192}.Release|Any CPU.Build.0 = Release|Any CPU
		{363785C0-C384-45BA-B93B-36D4CA34E192}.Release|x64.ActiveCfg = Release|Any CPU
		{363785C0-C384-45BA-B93B-36D4CA34E192}.Release|x64.Build.0 = Release|Any CPU
		{363785C0-C384-45BA-B93B-36D4CA34E192}.Release|x86.ActiveCfg = Release|Any CPU
		{363785C0-C384-45BA-B93B-36D4CA34E192}.Release|x86.Build.0 = Release|Any CPU
		{9F8FD451-7ED4-401A-9F07-10FE1284C75A}.Debug|Any CPU.ActiveCfg = Debug|Any CPU
		{9F8FD451-7ED4-401A-9F07-10FE1284C75A}.Debug|Any CPU.Build.0 = Debug|Any CPU
		{9F8FD451-7ED4-401A-9F07-10FE1284C75A}.Debug|x64.ActiveCfg = Debug|Any CPU
		{9F8FD451-7ED4-401A-9F07-10FE1284C75A}.Debug|x64.Build.0 = Debug|Any CPU
		{9F8FD451-7ED4-401A-9F07-10FE1284C75A}.Debug|x86.ActiveCfg = Debug|Any CPU
		{9F8FD451-7ED4-401A-9F07-10FE1284C75A}.Debug|x86.Build.0 = Debug|Any CPU
		{9F8FD451-7ED4-401A-9F07-10FE1284C75A}.Release|Any CPU.ActiveCfg = Release|Any CPU
		{9F8FD451-7ED4-401A-9F07-10FE1284C75A}.Release|Any CPU.Build.0 = Release|Any CPU
		{9F8FD451-7ED4-401A-9F07-10FE1284C75A}.Release|x64.ActiveCfg = Release|Any CPU
		{9F8FD451-7ED4-401A-9F07-10FE1284C75A}.Release|x64.Build.0 = Release|Any CPU
		{9F8FD451-7ED4-401A-9F07-10FE1284C75A}.Release|x86.ActiveCfg = Release|Any CPU
		{9F8FD451-7ED4-401A-9F07-10FE1284C75A}.Release|x86.Build.0 = Release|Any CPU
		{3E8EDADE-3E3B-4591-9BFC-B61780267306}.Debug|Any CPU.ActiveCfg = Debug|Any CPU
		{3E8EDADE-3E3B-4591-9BFC-B61780267306}.Debug|Any CPU.Build.0 = Debug|Any CPU
		{3E8EDADE-3E3B-4591-9BFC-B61780267306}.Debug|x64.ActiveCfg = Debug|Any CPU
		{3E8EDADE-3E3B-4591-9BFC-B61780267306}.Debug|x64.Build.0 = Debug|Any CPU
		{3E8EDADE-3E3B-4591-9BFC-B61780267306}.Debug|x86.ActiveCfg = Debug|Any CPU
		{3E8EDADE-3E3B-4591-9BFC-B61780267306}.Debug|x86.Build.0 = Debug|Any CPU
		{3E8EDADE-3E3B-4591-9BFC-B61780267306}.Release|Any CPU.ActiveCfg = Release|Any CPU
		{3E8EDADE-3E3B-4591-9BFC-B61780267306}.Release|Any CPU.Build.0 = Release|Any CPU
		{3E8EDADE-3E3B-4591-9BFC-B61780267306}.Release|x64.ActiveCfg = Release|Any CPU
		{3E8EDADE-3E3B-4591-9BFC-B61780267306}.Release|x64.Build.0 = Release|Any CPU
		{3E8EDADE-3E3B-4591-9BFC-B61780267306}.Release|x86.ActiveCfg = Release|Any CPU
		{3E8EDADE-3E3B-4591-9BFC-B61780267306}.Release|x86.Build.0 = Release|Any CPU
		{370B1561-AD3D-454D-B481-6F4CE44563E6}.Debug|Any CPU.ActiveCfg = Debug|Any CPU
		{370B1561-AD3D-454D-B481-6F4CE44563E6}.Debug|Any CPU.Build.0 = Debug|Any CPU
		{370B1561-AD3D-454D-B481-6F4CE44563E6}.Debug|x64.ActiveCfg = Debug|Any CPU
		{370B1561-AD3D-454D-B481-6F4CE44563E6}.Debug|x64.Build.0 = Debug|Any CPU
		{370B1561-AD3D-454D-B481-6F4CE44563E6}.Debug|x86.ActiveCfg = Debug|Any CPU
		{370B1561-AD3D-454D-B481-6F4CE44563E6}.Debug|x86.Build.0 = Debug|Any CPU
		{370B1561-AD3D-454D-B481-6F4CE44563E6}.Release|Any CPU.ActiveCfg = Release|Any CPU
		{370B1561-AD3D-454D-B481-6F4CE44563E6}.Release|Any CPU.Build.0 = Release|Any CPU
		{370B1561-AD3D-454D-B481-6F4CE44563E6}.Release|x64.ActiveCfg = Release|Any CPU
		{370B1561-AD3D-454D-B481-6F4CE44563E6}.Release|x64.Build.0 = Release|Any CPU
		{370B1561-AD3D-454D-B481-6F4CE44563E6}.Release|x86.ActiveCfg = Release|Any CPU
		{370B1561-AD3D-454D-B481-6F4CE44563E6}.Release|x86.Build.0 = Release|Any CPU
	EndGlobalSection
	GlobalSection(SolutionProperties) = preSolution
		HideSolutionNode = FALSE
	EndGlobalSection
	GlobalSection(NestedProjects) = preSolution
		{EBDBD606-9FAF-4CAC-9A56-F07565FB6943} = {A309255F-01EC-433F-B8DD-17FE7910D9A3}
		{3D18ADC5-6667-4EB6-9CF2-7ECE2D6034F3} = {A309255F-01EC-433F-B8DD-17FE7910D9A3}
		{08E44298-6818-42EF-81D8-D817A334DBDC} = {18CF16A7-989B-442E-980D-C68C64241F0A}
		{BE91D8CB-1AAF-490D-9E84-31496E263B22} = {18CF16A7-989B-442E-980D-C68C64241F0A}
		{363785C0-C384-45BA-B93B-36D4CA34E192} = {A309255F-01EC-433F-B8DD-17FE7910D9A3}
		{9F8FD451-7ED4-401A-9F07-10FE1284C75A} = {A309255F-01EC-433F-B8DD-17FE7910D9A3}
		{3E8EDADE-3E3B-4591-9BFC-B61780267306} = {A309255F-01EC-433F-B8DD-17FE7910D9A3}
		{370B1561-AD3D-454D-B481-6F4CE44563E6} = {A309255F-01EC-433F-B8DD-17FE7910D9A3}
	EndGlobalSection
EndGlobal
